
Microsoft Visual Studio Solution File, Format Version 12.00
# Visual Studio 15
VisualStudioVersion = 15.0.27428.2037
MinimumVisualStudioVersion = 10.0.40219.1
Project("{FAE04EC0-301F-11D3-BF4B-00C04F79EFBC}") = "Hummingbird.Extension.SMSC", "Hummingbird.Extension.SMSC\Hummingbird.Extension.SMSC.csproj", "{DE8208F8-28D6-44A3-B0CA-2C69C5AE4729}"
EndProject
Project("{2150E333-8FDC-42A3-9474-1A3956D46DE8}") = "Solution Items", "Solution Items", "{12109D0B-562B-4FFE-B00C-C0A1FDAAC14F}"
	ProjectSection(SolutionItems) = preProject
		readme.md = readme.md
	EndProjectSection
EndProject
Global
	GlobalSection(SolutionConfigurationPlatforms) = preSolution
		Debug|Any CPU = Debug|Any CPU
		Debug|x86 = Debug|x86
		Release|Any CPU = Release|Any CPU
		Release|x86 = Release|x86
	EndGlobalSection
	GlobalSection(ProjectConfigurationPlatforms) = postSolution
		{DE8208F8-28D6-44A3-B0CA-2C69C5AE4729}.Debug|Any CPU.ActiveCfg = Debug|Any CPU
		{DE8208F8-28D6-44A3-B0CA-2C69C5AE4729}.Debug|Any CPU.Build.0 = Debug|Any CPU
		{DE8208F8-28D6-44A3-B0CA-2C69C5AE4729}.Debug|x86.ActiveCfg = Debug|Any CPU
		{DE8208F8-28D6-44A3-B0CA-2C69C5AE4729}.Debug|x86.Build.0 = Debug|Any CPU
		{DE8208F8-28D6-44A3-B0CA-2C69C5AE4729}.Release|Any CPU.ActiveCfg = Release|Any CPU
		{DE8208F8-28D6-44A3-B0CA-2C69C5AE4729}.Release|Any CPU.Build.0 = Release|Any CPU
		{DE8208F8-28D6-44A3-B0CA-2C69C5AE4729}.Release|x86.ActiveCfg = Release|Any CPU
		{DE8208F8-28D6-44A3-B0CA-2C69C5AE4729}.Release|x86.Build.0 = Release|Any CPU
	EndGlobalSection
	GlobalSection(SolutionProperties) = preSolution
		HideSolutionNode = FALSE
	EndGlobalSection
	GlobalSection(ExtensibilityGlobals) = postSolution
		SolutionGuid = {89C01CFE-FC8A-4504-A15E-2C738FDF053F}
	EndGlobalSection
EndGlobal
